
Microsoft Visual Studio Solution File, Format Version 12.00
# Visual Studio Version 17
VisualStudioVersion = 17.6.33815.320
MinimumVisualStudioVersion = 10.0.40219.1
Project("{9A19103F-16F7-4668-BE54-9A1E7A4F7556}") = "softver", "softver\softver.csproj", "{F85EB825-5A9A-4A09-B168-2E02F53D86FA}"
EndProject
Project("{9A19103F-16F7-4668-BE54-9A1E7A4F7556}") = "szorzotabla", "szorzotabla\szorzotabla.csproj", "{AE367425-A5A2-4CC9-8512-97B885FFDE72}"
EndProject
Project("{9A19103F-16F7-4668-BE54-9A1E7A4F7556}") = "fibonacci", "fibonacci\fibonacci.csproj", "{5B1FCC95-5D75-48AE-AAD5-6FA8AF4E9FB1}"
EndProject
Project("{9A19103F-16F7-4668-BE54-9A1E7A4F7556}") = "pascal", "pascal\pascal.csproj", "{42E65099-CF58-483A-A716-477BDD0CC9D5}"
EndProject
Project("{9A19103F-16F7-4668-BE54-9A1E7A4F7556}") = "3het", "3het\3het.csproj", "{011C12DD-989D-41B2-9824-79D8FF938747}"
EndProject
Project("{9A19103F-16F7-4668-BE54-9A1E7A4F7556}") = "a_kigyok_kigyoznak", "a_kigyok_kigyoznak\a_kigyok_kigyoznak.csproj", "{6BAB4CAA-64E5-4234-A2BE-21ACF27B49A4}"
EndProject
Project("{FAE04EC0-301F-11D3-BF4B-00C04F79EFBC}") = "5hetes", "5hetes\5hetes.csproj", "{BD297D2F-F326-4C9F-B515-63F2870258E1}"
EndProject
Global
	GlobalSection(SolutionConfigurationPlatforms) = preSolution
		Debug|Any CPU = Debug|Any CPU
		Release|Any CPU = Release|Any CPU
	EndGlobalSection
	GlobalSection(ProjectConfigurationPlatforms) = postSolution
		{F85EB825-5A9A-4A09-B168-2E02F53D86FA}.Debug|Any CPU.ActiveCfg = Debug|Any CPU
		{F85EB825-5A9A-4A09-B168-2E02F53D86FA}.Debug|Any CPU.Build.0 = Debug|Any CPU
		{F85EB825-5A9A-4A09-B168-2E02F53D86FA}.Release|Any CPU.ActiveCfg = Release|Any CPU
		{F85EB825-5A9A-4A09-B168-2E02F53D86FA}.Release|Any CPU.Build.0 = Release|Any CPU
		{AE367425-A5A2-4CC9-8512-97B885FFDE72}.Debug|Any CPU.ActiveCfg = Debug|Any CPU
		{AE367425-A5A2-4CC9-8512-97B885FFDE72}.Debug|Any CPU.Build.0 = Debug|Any CPU
		{AE367425-A5A2-4CC9-8512-97B885FFDE72}.Release|Any CPU.ActiveCfg = Release|Any CPU
		{AE367425-A5A2-4CC9-8512-97B885FFDE72}.Release|Any CPU.Build.0 = Release|Any CPU
		{5B1FCC95-5D75-48AE-AAD5-6FA8AF4E9FB1}.Debug|Any CPU.ActiveCfg = Debug|Any CPU
		{5B1FCC95-5D75-48AE-AAD5-6FA8AF4E9FB1}.Debug|Any CPU.Build.0 = Debug|Any CPU
		{5B1FCC95-5D75-48AE-AAD5-6FA8AF4E9FB1}.Release|Any CPU.ActiveCfg = Release|Any CPU
		{5B1FCC95-5D75-48AE-AAD5-6FA8AF4E9FB1}.Release|Any CPU.Build.0 = Release|Any CPU
		{42E65099-CF58-483A-A716-477BDD0CC9D5}.Debug|Any CPU.ActiveCfg = Debug|Any CPU
		{42E65099-CF58-483A-A716-477BDD0CC9D5}.Debug|Any CPU.Build.0 = Debug|Any CPU
		{42E65099-CF58-483A-A716-477BDD0CC9D5}.Release|Any CPU.ActiveCfg = Release|Any CPU
		{42E65099-CF58-483A-A716-477BDD0CC9D5}.Release|Any CPU.Build.0 = Release|Any CPU
		{011C12DD-989D-41B2-9824-79D8FF938747}.Debug|Any CPU.ActiveCfg = Debug|Any CPU
		{011C12DD-989D-41B2-9824-79D8FF938747}.Debug|Any CPU.Build.0 = Debug|Any CPU
		{011C12DD-989D-41B2-9824-79D8FF938747}.Release|Any CPU.ActiveCfg = Release|Any CPU
		{011C12DD-989D-41B2-9824-79D8FF938747}.Release|Any CPU.Build.0 = Release|Any CPU
		{6BAB4CAA-64E5-4234-A2BE-21ACF27B49A4}.Debug|Any CPU.ActiveCfg = Debug|Any CPU
		{6BAB4CAA-64E5-4234-A2BE-21ACF27B49A4}.Debug|Any CPU.Build.0 = Debug|Any CPU
		{6BAB4CAA-64E5-4234-A2BE-21ACF27B49A4}.Release|Any CPU.ActiveCfg = Release|Any CPU
		{6BAB4CAA-64E5-4234-A2BE-21ACF27B49A4}.Release|Any CPU.Build.0 = Release|Any CPU
		{BD297D2F-F326-4C9F-B515-63F2870258E1}.Debug|Any CPU.ActiveCfg = Debug|Any CPU
		{BD297D2F-F326-4C9F-B515-63F2870258E1}.Debug|Any CPU.Build.0 = Debug|Any CPU
		{BD297D2F-F326-4C9F-B515-63F2870258E1}.Release|Any CPU.ActiveCfg = Release|Any CPU
		{BD297D2F-F326-4C9F-B515-63F2870258E1}.Release|Any CPU.Build.0 = Release|Any CPU
	EndGlobalSection
	GlobalSection(SolutionProperties) = preSolution
		HideSolutionNode = FALSE
	EndGlobalSection
	GlobalSection(ExtensibilityGlobals) = postSolution
		SolutionGuid = {BA2D9D9F-8654-4ADA-A50F-AE96FCF51522}
	EndGlobalSection
EndGlobal
