
Microsoft Visual Studio Solution File, Format Version 12.00
# Visual Studio Version 17
VisualStudioVersion = 17.9.34616.47
MinimumVisualStudioVersion = 10.0.40219.1
Project("{FAE04EC0-301F-11D3-BF4B-00C04F79EFBC}") = "masodikgyak_jav", "masodikgyak_jav\masodikgyak_jav.csproj", "{566AAD3F-7C7D-464D-BB23-6BD0A3D82D68}"
EndProject
Global
	GlobalSection(SolutionConfigurationPlatforms) = preSolution
		Debug|Any CPU = Debug|Any CPU
		Release|Any CPU = Release|Any CPU
	EndGlobalSection
	GlobalSection(ProjectConfigurationPlatforms) = postSolution
		{566AAD3F-7C7D-464D-BB23-6BD0A3D82D68}.Debug|Any CPU.ActiveCfg = Debug|Any CPU
		{566AAD3F-7C7D-464D-BB23-6BD0A3D82D68}.Debug|Any CPU.Build.0 = Debug|Any CPU
		{566AAD3F-7C7D-464D-BB23-6BD0A3D82D68}.Release|Any CPU.ActiveCfg = Release|Any CPU
		{566AAD3F-7C7D-464D-BB23-6BD0A3D82D68}.Release|Any CPU.Build.0 = Release|Any CPU
	EndGlobalSection
	GlobalSection(SolutionProperties) = preSolution
		HideSolutionNode = FALSE
	EndGlobalSection
	GlobalSection(ExtensibilityGlobals) = postSolution
		SolutionGuid = {BC9AD0CB-A570-4F57-825C-B8A05BC49D00}
	EndGlobalSection
EndGlobal
